
Microsoft Visual Studio Solution File, Format Version 12.00
# Visual Studio Version 16
VisualStudioVersion = 16.0.34301.259
MinimumVisualStudioVersion = 10.0.40219.1
Project("{2150E333-8FDC-42A3-9474-1A3956D46DE8}") = "Task0", "Task0", "{D62FE0F5-5BC1-4DF8-97D4-4A68E8B66DDE}"
EndProject
Project("{FAE04EC0-301F-11D3-BF4B-00C04F79EFBC}") = "Tyuiu.RumyantsevaER.Sprint0.Task0.V0", "Tyuiu.RumyantsevaER.Sprint0.Task0.V0\Tyuiu.RumyantsevaER.Sprint0.Task0.V0.csproj", "{A7A5334B-E08B-46E9-84C0-ABC32E52363B}"
EndProject
Project("{2150E333-8FDC-42A3-9474-1A3956D46DE8}") = "Task1", "Task1", "{F0A0EF69-86C9-48CA-850C-3203FE3B4AA2}"
EndProject
Project("{FAE04EC0-301F-11D3-BF4B-00C04F79EFBC}") = "Tyuiu.RumyantsevaER.Sprint0.Task1.V0", "Tyuiu.RumyantsevaER.Sprint0.Task1.V0\Tyuiu.RumyantsevaER.Sprint0.Task1.V0.csproj", "{7DBD17C2-646E-4750-835D-DB43AD9BD588}"
EndProject
Project("{2150E333-8FDC-42A3-9474-1A3956D46DE8}") = "Task2", "Task2", "{B20B78B2-B180-4EA3-8388-BEC75F104B68}"
EndProject
Project("{FAE04EC0-301F-11D3-BF4B-00C04F79EFBC}") = "Tyuiu.RumyantsevaER.Sprint0.Task2.V0", "Tyuiu.RumyantsevaER.Sprint0.Task2.V0\Tyuiu.RumyantsevaER.Sprint0.Task2.V0.csproj", "{277C36A8-3F0C-4065-BD61-4D3A5202E4E7}"
EndProject
Project("{FAE04EC0-301F-11D3-BF4B-00C04F79EFBC}") = "Tyuiu.RumyantsevaER.Sprint0.Task2.V0.Lib", "Tyuiu.RumyantsevaER.Sprint0.Task2.V0.Lib\Tyuiu.RumyantsevaER.Sprint0.Task2.V0.Lib.csproj", "{4B8C1671-6238-4FAC-B747-619251F35D64}"
EndProject
Project("{FAE04EC0-301F-11D3-BF4B-00C04F79EFBC}") = "Tyuiu.RumyantsevaER.Sprint0.Task2.V0.Test", "Tyuiu.RumyantsevaER.Sprint0.Task2.V0.Test\Tyuiu.RumyantsevaER.Sprint0.Task2.V0.Test.csproj", "{7BBED857-36C4-4415-89C5-81691FC2D50A}"
EndProject
Project("{2150E333-8FDC-42A3-9474-1A3956D46DE8}") = "Task3", "Task3", "{15C0C273-A6C1-4B9F-A354-CABC156CB95E}"
EndProject
Project("{FAE04EC0-301F-11D3-BF4B-00C04F79EFBC}") = "Tyuiu.RumyantsevaER.Sprint0.Task3.V0", "Tyuiu.RumyantsevaER.Sprint0.Task3.V0\Tyuiu.RumyantsevaER.Sprint0.Task3.V0.csproj", "{8404CE12-E93D-4AE8-AC76-938293DCDBCF}"
EndProject
Project("{FAE04EC0-301F-11D3-BF4B-00C04F79EFBC}") = "Tyuiu.RumyantsevaER.Sprint0.Task3.V0.Lib", "Tyuiu.RumyantsevaER.Sprint0.Task3.V0.Lib\Tyuiu.RumyantsevaER.Sprint0.Task3.V0.Lib.csproj", "{C7CBF082-95E0-4164-94ED-F108DC2B72A7}"
EndProject
Project("{FAE04EC0-301F-11D3-BF4B-00C04F79EFBC}") = "Tyuiu.RumyantsevaER.Sprint0.Task3.V0.Test", "Tyuiu.RumyantsevaER.Sprint0.Task3.V0.Test\Tyuiu.RumyantsevaER.Sprint0.Task3.V0.Test.csproj", "{A13740F3-06CF-4FA0-86F3-BB4117D88827}"
EndProject
Project("{2150E333-8FDC-42A3-9474-1A3956D46DE8}") = "Task4", "Task4", "{A43C2EC5-72BC-4289-B296-EEF0D057B856}"
EndProject
Project("{FAE04EC0-301F-11D3-BF4B-00C04F79EFBC}") = "Tyuiu.RumyantsevaER.Sprint0.Task4.V0", "Tyuiu.RumyantsevaER.Sprint0.Task4.V0\Tyuiu.RumyantsevaER.Sprint0.Task4.V0.csproj", "{EBB73271-63E2-48EB-A0BE-DEB7F4155ABD}"
EndProject
Project("{FAE04EC0-301F-11D3-BF4B-00C04F79EFBC}") = "Tyuiu.RumyantsevaER.Sprint0.Task4.V0.Lib", "Tyuiu.RumyantsevaER.Sprint0.Task4.V0.Lib\Tyuiu.RumyantsevaER.Sprint0.Task4.V0.Lib.csproj", "{B97F0671-E6E8-42A1-9936-110427FDC3C7}"
EndProject
Project("{FAE04EC0-301F-11D3-BF4B-00C04F79EFBC}") = "Tyuiu.RumyantsevaER.Sprint0.Task4.V0.Test", "Tyuiu.RumyantsevaER.Sprint0.Task4.V0.Test\Tyuiu.RumyantsevaER.Sprint0.Task4.V0.Test.csproj", "{B3103B17-9694-4E9B-99FF-68490F7D2DB3}"
EndProject
Project("{2150E333-8FDC-42A3-9474-1A3956D46DE8}") = "Task5", "Task5", "{25C41AFE-E123-4213-9632-31F9B663BCC4}"
EndProject
Project("{FAE04EC0-301F-11D3-BF4B-00C04F79EFBC}") = "Tyuiu.RumyantsevaER.Sprint0.Task5.V0", "Tyuiu.RumyantsevaER.Sprint0.Task6.V0\Tyuiu.RumyantsevaER.Sprint0.Task5.V0.csproj", "{447678A5-5793-485C-A3E9-AB1E859594AE}"
EndProject
Project("{FAE04EC0-301F-11D3-BF4B-00C04F79EFBC}") = "Tyuiu.RumyantsevaER.Sprint0.Task5.V0.Lib", "Tyuiu.RumyantsevaER.Sprint0.Task6.V0.Lib\Tyuiu.RumyantsevaER.Sprint0.Task5.V0.Lib.csproj", "{AF5A7A3C-C43F-4884-B22D-81654885514F}"
EndProject
Project("{FAE04EC0-301F-11D3-BF4B-00C04F79EFBC}") = "Tyuiu.RumyantsevaER.Sprint0.Task5.V0.Test", "Tyuiu.RumyantsevaER.Sprint0.Task6.V0.Test\Tyuiu.RumyantsevaER.Sprint0.Task5.V0.Test.csproj", "{E14A2168-C5BB-4B48-B230-EC3D56B1DCF1}"
EndProject
Project("{2150E333-8FDC-42A3-9474-1A3956D46DE8}") = "Task6", "Task6", "{BA55F8F0-F907-421F-8C63-23BA3E276E6B}"
EndProject
Project("{FAE04EC0-301F-11D3-BF4B-00C04F79EFBC}") = "Tyuiu.RumyantsevaER.Sprint0.Task6.V0", "Tyuiu.RumyantsevaER.Sprint0.Task6.V0\Tyuiu.RumyantsevaER.Sprint0.Task6.V0.csproj", "{7D6EC590-3376-4420-89FF-BC3C0E30ADC8}"
EndProject
Project("{FAE04EC0-301F-11D3-BF4B-00C04F79EFBC}") = "Tyuiu.RumyantsevaER.Sprint0.Task6.V0.Lib", "Tyuiu.RumyantsevaER.Sprint0.Task6.V0.Lib\Tyuiu.RumyantsevaER.Sprint0.Task6.V0.Lib.csproj", "{80FE8602-64F3-45C5-ACD7-2E76BB1D40C3}"
EndProject
Project("{FAE04EC0-301F-11D3-BF4B-00C04F79EFBC}") = "Tyuiu.RumyantsevaER.Sprint0.Task6.V0.Test", "Tyuiu.RumyantsevaER.Sprint0.Task6.V0.Test\Tyuiu.RumyantsevaER.Sprint0.Task6.V0.Test.csproj", "{C6324A36-87EB-4518-B857-0ECA187ED761}"
EndProject
Project("{2150E333-8FDC-42A3-9474-1A3956D46DE8}") = "Task7", "Task7", "{FDD2D818-A651-442B-865C-695607BC95BD}"
EndProject
Project("{FAE04EC0-301F-11D3-BF4B-00C04F79EFBC}") = "Tyuiu.RumyantsevaER.Sprint0.Task7.V0", "Tyuiu.RumyantsevaER.Sprint0.Task7.V0\Tyuiu.RumyantsevaER.Sprint0.Task7.V0.csproj", "{D0E2E89C-606C-40FA-831B-FCFFC2AEFF78}"
EndProject
Project("{FAE04EC0-301F-11D3-BF4B-00C04F79EFBC}") = "Tyuiu.RumyantsevaER.Sprint0.Task7.V0.Lib", "Tyuiu.RumyantsevaER.Sprint0.Task7.V0.Lib\Tyuiu.RumyantsevaER.Sprint0.Task7.V0.Lib.csproj", "{A5CB4331-4E7B-4740-9992-003C75EB12E4}"
EndProject
Project("{FAE04EC0-301F-11D3-BF4B-00C04F79EFBC}") = "Tyuiu.RumyantsevaER.Sprint0.Task7.V0.Test", "Tyuiu.RumyantsevaER.Sprint0.Task7.V0.Test\Tyuiu.RumyantsevaER.Sprint0.Task7.V0.Test.csproj", "{FD9D7A63-F372-44BA-96AE-79D33A4B8DE2}"
EndProject
Global
	GlobalSection(SolutionConfigurationPlatforms) = preSolution
		Debug|Any CPU = Debug|Any CPU
		Release|Any CPU = Release|Any CPU
	EndGlobalSection
	GlobalSection(ProjectConfigurationPlatforms) = postSolution
		{A7A5334B-E08B-46E9-84C0-ABC32E52363B}.Debug|Any CPU.ActiveCfg = Debug|Any CPU
		{A7A5334B-E08B-46E9-84C0-ABC32E52363B}.Debug|Any CPU.Build.0 = Debug|Any CPU
		{A7A5334B-E08B-46E9-84C0-ABC32E52363B}.Release|Any CPU.ActiveCfg = Release|Any CPU
		{A7A5334B-E08B-46E9-84C0-ABC32E52363B}.Release|Any CPU.Build.0 = Release|Any CPU
		{7DBD17C2-646E-4750-835D-DB43AD9BD588}.Debug|Any CPU.ActiveCfg = Debug|Any CPU
		{7DBD17C2-646E-4750-835D-DB43AD9BD588}.Debug|Any CPU.Build.0 = Debug|Any CPU
		{7DBD17C2-646E-4750-835D-DB43AD9BD588}.Release|Any CPU.ActiveCfg = Release|Any CPU
		{7DBD17C2-646E-4750-835D-DB43AD9BD588}.Release|Any CPU.Build.0 = Release|Any CPU
		{277C36A8-3F0C-4065-BD61-4D3A5202E4E7}.Debug|Any CPU.ActiveCfg = Debug|Any CPU
		{277C36A8-3F0C-4065-BD61-4D3A5202E4E7}.Debug|Any CPU.Build.0 = Debug|Any CPU
		{277C36A8-3F0C-4065-BD61-4D3A5202E4E7}.Release|Any CPU.ActiveCfg = Release|Any CPU
		{277C36A8-3F0C-4065-BD61-4D3A5202E4E7}.Release|Any CPU.Build.0 = Release|Any CPU
		{4B8C1671-6238-4FAC-B747-619251F35D64}.Debug|Any CPU.ActiveCfg = Debug|Any CPU
		{4B8C1671-6238-4FAC-B747-619251F35D64}.Debug|Any CPU.Build.0 = Debug|Any CPU
		{4B8C1671-6238-4FAC-B747-619251F35D64}.Release|Any CPU.ActiveCfg = Release|Any CPU
		{4B8C1671-6238-4FAC-B747-619251F35D64}.Release|Any CPU.Build.0 = Release|Any CPU
		{7BBED857-36C4-4415-89C5-81691FC2D50A}.Debug|Any CPU.ActiveCfg = Debug|Any CPU
		{7BBED857-36C4-4415-89C5-81691FC2D50A}.Debug|Any CPU.Build.0 = Debug|Any CPU
		{7BBED857-36C4-4415-89C5-81691FC2D50A}.Release|Any CPU.ActiveCfg = Release|Any CPU
		{7BBED857-36C4-4415-89C5-81691FC2D50A}.Release|Any CPU.Build.0 = Release|Any CPU
		{8404CE12-E93D-4AE8-AC76-938293DCDBCF}.Debug|Any CPU.ActiveCfg = Debug|Any CPU
		{8404CE12-E93D-4AE8-AC76-938293DCDBCF}.Debug|Any CPU.Build.0 = Debug|Any CPU
		{8404CE12-E93D-4AE8-AC76-938293DCDBCF}.Release|Any CPU.ActiveCfg = Release|Any CPU
		{8404CE12-E93D-4AE8-AC76-938293DCDBCF}.Release|Any CPU.Build.0 = Release|Any CPU
		{C7CBF082-95E0-4164-94ED-F108DC2B72A7}.Debug|Any CPU.ActiveCfg = Debug|Any CPU
		{C7CBF082-95E0-4164-94ED-F108DC2B72A7}.Debug|Any CPU.Build.0 = Debug|Any CPU
		{C7CBF082-95E0-4164-94ED-F108DC2B72A7}.Release|Any CPU.ActiveCfg = Release|Any CPU
		{C7CBF082-95E0-4164-94ED-F108DC2B72A7}.Release|Any CPU.Build.0 = Release|Any CPU
		{A13740F3-06CF-4FA0-86F3-BB4117D88827}.Debug|Any CPU.ActiveCfg = Debug|Any CPU
		{A13740F3-06CF-4FA0-86F3-BB4117D88827}.Debug|Any CPU.Build.0 = Debug|Any CPU
		{A13740F3-06CF-4FA0-86F3-BB4117D88827}.Release|Any CPU.ActiveCfg = Release|Any CPU
		{A13740F3-06CF-4FA0-86F3-BB4117D88827}.Release|Any CPU.Build.0 = Release|Any CPU
		{EBB73271-63E2-48EB-A0BE-DEB7F4155ABD}.Debug|Any CPU.ActiveCfg = Debug|Any CPU
		{EBB73271-63E2-48EB-A0BE-DEB7F4155ABD}.Debug|Any CPU.Build.0 = Debug|Any CPU
		{EBB73271-63E2-48EB-A0BE-DEB7F4155ABD}.Release|Any CPU.ActiveCfg = Release|Any CPU
		{EBB73271-63E2-48EB-A0BE-DEB7F4155ABD}.Release|Any CPU.Build.0 = Release|Any CPU
		{B97F0671-E6E8-42A1-9936-110427FDC3C7}.Debug|Any CPU.ActiveCfg = Debug|Any CPU
		{B97F0671-E6E8-42A1-9936-110427FDC3C7}.Debug|Any CPU.Build.0 = Debug|Any CPU
		{B97F0671-E6E8-42A1-9936-110427FDC3C7}.Release|Any CPU.ActiveCfg = Release|Any CPU
		{B97F0671-E6E8-42A1-9936-110427FDC3C7}.Release|Any CPU.Build.0 = Release|Any CPU
		{B3103B17-9694-4E9B-99FF-68490F7D2DB3}.Debug|Any CPU.ActiveCfg = Debug|Any CPU
		{B3103B17-9694-4E9B-99FF-68490F7D2DB3}.Debug|Any CPU.Build.0 = Debug|Any CPU
		{B3103B17-9694-4E9B-99FF-68490F7D2DB3}.Release|Any CPU.ActiveCfg = Release|Any CPU
		{B3103B17-9694-4E9B-99FF-68490F7D2DB3}.Release|Any CPU.Build.0 = Release|Any CPU
		{447678A5-5793-485C-A3E9-AB1E859594AE}.Debug|Any CPU.ActiveCfg = Debug|Any CPU
		{447678A5-5793-485C-A3E9-AB1E859594AE}.Debug|Any CPU.Build.0 = Debug|Any CPU
		{447678A5-5793-485C-A3E9-AB1E859594AE}.Release|Any CPU.ActiveCfg = Release|Any CPU
		{447678A5-5793-485C-A3E9-AB1E859594AE}.Release|Any CPU.Build.0 = Release|Any CPU
		{AF5A7A3C-C43F-4884-B22D-81654885514F}.Debug|Any CPU.ActiveCfg = Debug|Any CPU
		{AF5A7A3C-C43F-4884-B22D-81654885514F}.Debug|Any CPU.Build.0 = Debug|Any CPU
		{AF5A7A3C-C43F-4884-B22D-81654885514F}.Release|Any CPU.ActiveCfg = Release|Any CPU
		{AF5A7A3C-C43F-4884-B22D-81654885514F}.Release|Any CPU.Build.0 = Release|Any CPU
		{E14A2168-C5BB-4B48-B230-EC3D56B1DCF1}.Debug|Any CPU.ActiveCfg = Debug|Any CPU
		{E14A2168-C5BB-4B48-B230-EC3D56B1DCF1}.Debug|Any CPU.Build.0 = Debug|Any CPU
		{E14A2168-C5BB-4B48-B230-EC3D56B1DCF1}.Release|Any CPU.ActiveCfg = Release|Any CPU
		{E14A2168-C5BB-4B48-B230-EC3D56B1DCF1}.Release|Any CPU.Build.0 = Release|Any CPU
		{7D6EC590-3376-4420-89FF-BC3C0E30ADC8}.Debug|Any CPU.ActiveCfg = Debug|Any CPU
		{7D6EC590-3376-4420-89FF-BC3C0E30ADC8}.Debug|Any CPU.Build.0 = Debug|Any CPU
		{7D6EC590-3376-4420-89FF-BC3C0E30ADC8}.Release|Any CPU.ActiveCfg = Release|Any CPU
		{7D6EC590-3376-4420-89FF-BC3C0E30ADC8}.Release|Any CPU.Build.0 = Release|Any CPU
		{80FE8602-64F3-45C5-ACD7-2E76BB1D40C3}.Debug|Any CPU.ActiveCfg = Debug|Any CPU
		{80FE8602-64F3-45C5-ACD7-2E76BB1D40C3}.Debug|Any CPU.Build.0 = Debug|Any CPU
		{80FE8602-64F3-45C5-ACD7-2E76BB1D40C3}.Release|Any CPU.ActiveCfg = Release|Any CPU
		{80FE8602-64F3-45C5-ACD7-2E76BB1D40C3}.Release|Any CPU.Build.0 = Release|Any CPU
		{C6324A36-87EB-4518-B857-0ECA187ED761}.Debug|Any CPU.ActiveCfg = Debug|Any CPU
		{C6324A36-87EB-4518-B857-0ECA187ED761}.Debug|Any CPU.Build.0 = Debug|Any CPU
		{C6324A36-87EB-4518-B857-0ECA187ED761}.Release|Any CPU.ActiveCfg = Release|Any CPU
		{C6324A36-87EB-4518-B857-0ECA187ED761}.Release|Any CPU.Build.0 = Release|Any CPU
		{D0E2E89C-606C-40FA-831B-FCFFC2AEFF78}.Debug|Any CPU.ActiveCfg = Debug|Any CPU
		{D0E2E89C-606C-40FA-831B-FCFFC2AEFF78}.Debug|Any CPU.Build.0 = Debug|Any CPU
		{D0E2E89C-606C-40FA-831B-FCFFC2AEFF78}.Release|Any CPU.ActiveCfg = Release|Any CPU
		{D0E2E89C-606C-40FA-831B-FCFFC2AEFF78}.Release|Any CPU.Build.0 = Release|Any CPU
		{A5CB4331-4E7B-4740-9992-003C75EB12E4}.Debug|Any CPU.ActiveCfg = Debug|Any CPU
		{A5CB4331-4E7B-4740-9992-003C75EB12E4}.Debug|Any CPU.Build.0 = Debug|Any CPU
		{A5CB4331-4E7B-4740-9992-003C75EB12E4}.Release|Any CPU.ActiveCfg = Release|Any CPU
		{A5CB4331-4E7B-4740-9992-003C75EB12E4}.Release|Any CPU.Build.0 = Release|Any CPU
		{FD9D7A63-F372-44BA-96AE-79D33A4B8DE2}.Debug|Any CPU.ActiveCfg = Debug|Any CPU
		{FD9D7A63-F372-44BA-96AE-79D33A4B8DE2}.Debug|Any CPU.Build.0 = Debug|Any CPU
		{FD9D7A63-F372-44BA-96AE-79D33A4B8DE2}.Release|Any CPU.ActiveCfg = Release|Any CPU
		{FD9D7A63-F372-44BA-96AE-79D33A4B8DE2}.Release|Any CPU.Build.0 = Release|Any CPU
	EndGlobalSection
	GlobalSection(SolutionProperties) = preSolution
		HideSolutionNode = FALSE
	EndGlobalSection
	GlobalSection(NestedProjects) = preSolution
		{A7A5334B-E08B-46E9-84C0-ABC32E52363B} = {D62FE0F5-5BC1-4DF8-97D4-4A68E8B66DDE}
		{7DBD17C2-646E-4750-835D-DB43AD9BD588} = {F0A0EF69-86C9-48CA-850C-3203FE3B4AA2}
		{277C36A8-3F0C-4065-BD61-4D3A5202E4E7} = {B20B78B2-B180-4EA3-8388-BEC75F104B68}
		{4B8C1671-6238-4FAC-B747-619251F35D64} = {B20B78B2-B180-4EA3-8388-BEC75F104B68}
		{7BBED857-36C4-4415-89C5-81691FC2D50A} = {B20B78B2-B180-4EA3-8388-BEC75F104B68}
		{8404CE12-E93D-4AE8-AC76-938293DCDBCF} = {15C0C273-A6C1-4B9F-A354-CABC156CB95E}
		{C7CBF082-95E0-4164-94ED-F108DC2B72A7} = {15C0C273-A6C1-4B9F-A354-CABC156CB95E}
		{A13740F3-06CF-4FA0-86F3-BB4117D88827} = {15C0C273-A6C1-4B9F-A354-CABC156CB95E}
		{EBB73271-63E2-48EB-A0BE-DEB7F4155ABD} = {A43C2EC5-72BC-4289-B296-EEF0D057B856}
		{B97F0671-E6E8-42A1-9936-110427FDC3C7} = {A43C2EC5-72BC-4289-B296-EEF0D057B856}
		{B3103B17-9694-4E9B-99FF-68490F7D2DB3} = {A43C2EC5-72BC-4289-B296-EEF0D057B856}
		{447678A5-5793-485C-A3E9-AB1E859594AE} = {25C41AFE-E123-4213-9632-31F9B663BCC4}
		{AF5A7A3C-C43F-4884-B22D-81654885514F} = {25C41AFE-E123-4213-9632-31F9B663BCC4}
		{E14A2168-C5BB-4B48-B230-EC3D56B1DCF1} = {25C41AFE-E123-4213-9632-31F9B663BCC4}
		{7D6EC590-3376-4420-89FF-BC3C0E30ADC8} = {BA55F8F0-F907-421F-8C63-23BA3E276E6B}
		{80FE8602-64F3-45C5-ACD7-2E76BB1D40C3} = {BA55F8F0-F907-421F-8C63-23BA3E276E6B}
		{C6324A36-87EB-4518-B857-0ECA187ED761} = {BA55F8F0-F907-421F-8C63-23BA3E276E6B}
		{D0E2E89C-606C-40FA-831B-FCFFC2AEFF78} = {FDD2D818-A651-442B-865C-695607BC95BD}
		{A5CB4331-4E7B-4740-9992-003C75EB12E4} = {FDD2D818-A651-442B-865C-695607BC95BD}
		{FD9D7A63-F372-44BA-96AE-79D33A4B8DE2} = {FDD2D818-A651-442B-865C-695607BC95BD}
	EndGlobalSection
	GlobalSection(ExtensibilityGlobals) = postSolution
		SolutionGuid = {A77687DA-494A-4A50-95BE-2F0DCD124FD1}
	EndGlobalSection
EndGlobal
